
Microsoft Visual Studio Solution File, Format Version 12.00
# Visual Studio 15
VisualStudioVersion = 15.0.28307.168
MinimumVisualStudioVersion = 10.0.40219.1
Project("{9A19103F-16F7-4668-BE54-9A1E7A4F7556}") = "BankofdotNet.API", "BankofdotNet.API\BankofdotNet.API.csproj", "{E565506B-9BB5-463B-A6A9-18B89B53134D}"
EndProject
Project("{9A19103F-16F7-4668-BE54-9A1E7A4F7556}") = "BankofdotNet.IdentitySvr", "BankofdotNet.IdentitySvr\BankofdotNet.IdentitySvr.csproj", "{FDB23F62-6CDB-4DB4-AB27-2264AAC7FAED}"
EndProject
Project("{FAE04EC0-301F-11D3-BF4B-00C04F79EFBC}") = "BankofdotNet.ConsoleClent", "BankofdotNet.ConsoleClent\BankofdotNet.ConsoleClent.csproj", "{BD72482B-CC14-4374-A6BB-8D56C6FB0AD6}"
EndProject
Global
	GlobalSection(SolutionConfigurationPlatforms) = preSolution
		Debug|Any CPU = Debug|Any CPU
		Release|Any CPU = Release|Any CPU
	EndGlobalSection
	GlobalSection(ProjectConfigurationPlatforms) = postSolution
		{E565506B-9BB5-463B-A6A9-18B89B53134D}.Debug|Any CPU.ActiveCfg = Debug|Any CPU
		{E565506B-9BB5-463B-A6A9-18B89B53134D}.Debug|Any CPU.Build.0 = Debug|Any CPU
		{E565506B-9BB5-463B-A6A9-18B89B53134D}.Release|Any CPU.ActiveCfg = Release|Any CPU
		{E565506B-9BB5-463B-A6A9-18B89B53134D}.Release|Any CPU.Build.0 = Release|Any CPU
		{FDB23F62-6CDB-4DB4-AB27-2264AAC7FAED}.Debug|Any CPU.ActiveCfg = Debug|Any CPU
		{FDB23F62-6CDB-4DB4-AB27-2264AAC7FAED}.Debug|Any CPU.Build.0 = Debug|Any CPU
		{FDB23F62-6CDB-4DB4-AB27-2264AAC7FAED}.Release|Any CPU.ActiveCfg = Release|Any CPU
		{FDB23F62-6CDB-4DB4-AB27-2264AAC7FAED}.Release|Any CPU.Build.0 = Release|Any CPU
		{BD72482B-CC14-4374-A6BB-8D56C6FB0AD6}.Debug|Any CPU.ActiveCfg = Debug|Any CPU
		{BD72482B-CC14-4374-A6BB-8D56C6FB0AD6}.Debug|Any CPU.Build.0 = Debug|Any CPU
		{BD72482B-CC14-4374-A6BB-8D56C6FB0AD6}.Release|Any CPU.ActiveCfg = Release|Any CPU
		{BD72482B-CC14-4374-A6BB-8D56C6FB0AD6}.Release|Any CPU.Build.0 = Release|Any CPU
	EndGlobalSection
	GlobalSection(SolutionProperties) = preSolution
		HideSolutionNode = FALSE
	EndGlobalSection
	GlobalSection(ExtensibilityGlobals) = postSolution
		SolutionGuid = {B3C40989-10D9-4B93-89B5-8AD78A541A47}
	EndGlobalSection
EndGlobal
